
Microsoft Visual Studio Solution File, Format Version 12.00
# Visual Studio 14
VisualStudioVersion = 14.0.23107.0
MinimumVisualStudioVersion = 10.0.40219.1
Project("{FAE04EC0-301F-11D3-BF4B-00C04F79EFBC}") = "MiniAbp", "MiniAbp\MiniAbp.csproj", "{0BE993C4-2E68-404D-8ECD-D25BA1E87BCC}"
EndProject
Project("{FAE04EC0-301F-11D3-BF4B-00C04F79EFBC}") = "MiniAbp.Test", "MiniAbp.Test\MiniAbp.Test.csproj", "{CC62C42F-61AE-4690-A42A-CDD859E5E452}"
EndProject
Project("{FAE04EC0-301F-11D3-BF4B-00C04F79EFBC}") = "MiniAbp.ApplicationTest", "MiniAbp.ApplicationTest\MiniAbp.ApplicationTest.csproj", "{E89310BD-51C5-4F81-A90B-A6989AADA6AD}"
EndProject
Project("{FAE04EC0-301F-11D3-BF4B-00C04F79EFBC}") = "MiniAbp.Web", "MiniAbp.Web\MiniAbp.Web.csproj", "{AE640FE9-A6EB-4029-8348-14C96616EC7B}"
EndProject
Project("{FAE04EC0-301F-11D3-BF4B-00C04F79EFBC}") = "MiniAbp.Ado", "MiniAbp.Ado\MiniAbp.Ado.csproj", "{491C7A84-9EAF-4077-9C49-B55209E5C60D}"
EndProject
Project("{FAE04EC0-301F-11D3-BF4B-00C04F79EFBC}") = "MiniAbp.Console", "MiniAbp.Console\MiniAbp.Console.csproj", "{7A0F8BFE-4DE1-41D1-8168-F9E1F9E4CF4B}"
EndProject
Project("{FAE04EC0-301F-11D3-BF4B-00C04F79EFBC}") = "MiniAbp.Identity", "MiniAbp.Identity\MiniAbp.Identity.csproj", "{F53F18E4-2542-464D-B670-EBE6AC534C2C}"
EndProject
Project("{FAE04EC0-301F-11D3-BF4B-00C04F79EFBC}") = "MiniAbp.WebTest", "MiniAbp.WebTest\MiniAbp.WebTest.csproj", "{28E04666-9D32-417D-925B-93D78BAE82A8}"
EndProject
Global
	GlobalSection(SolutionConfigurationPlatforms) = preSolution
		Debug|Any CPU = Debug|Any CPU
		Release|Any CPU = Release|Any CPU
	EndGlobalSection
	GlobalSection(ProjectConfigurationPlatforms) = postSolution
		{0BE993C4-2E68-404D-8ECD-D25BA1E87BCC}.Debug|Any CPU.ActiveCfg = Debug|Any CPU
		{0BE993C4-2E68-404D-8ECD-D25BA1E87BCC}.Debug|Any CPU.Build.0 = Debug|Any CPU
		{0BE993C4-2E68-404D-8ECD-D25BA1E87BCC}.Release|Any CPU.ActiveCfg = Release|Any CPU
		{0BE993C4-2E68-404D-8ECD-D25BA1E87BCC}.Release|Any CPU.Build.0 = Release|Any CPU
		{CC62C42F-61AE-4690-A42A-CDD859E5E452}.Debug|Any CPU.ActiveCfg = Debug|Any CPU
		{CC62C42F-61AE-4690-A42A-CDD859E5E452}.Debug|Any CPU.Build.0 = Debug|Any CPU
		{CC62C42F-61AE-4690-A42A-CDD859E5E452}.Release|Any CPU.ActiveCfg = Release|Any CPU
		{CC62C42F-61AE-4690-A42A-CDD859E5E452}.Release|Any CPU.Build.0 = Release|Any CPU
		{E89310BD-51C5-4F81-A90B-A6989AADA6AD}.Debug|Any CPU.ActiveCfg = Debug|Any CPU
		{E89310BD-51C5-4F81-A90B-A6989AADA6AD}.Debug|Any CPU.Build.0 = Debug|Any CPU
		{E89310BD-51C5-4F81-A90B-A6989AADA6AD}.Release|Any CPU.ActiveCfg = Release|Any CPU
		{E89310BD-51C5-4F81-A90B-A6989AADA6AD}.Release|Any CPU.Build.0 = Release|Any CPU
		{AE640FE9-A6EB-4029-8348-14C96616EC7B}.Debug|Any CPU.ActiveCfg = Debug|Any CPU
		{AE640FE9-A6EB-4029-8348-14C96616EC7B}.Debug|Any CPU.Build.0 = Debug|Any CPU
		{AE640FE9-A6EB-4029-8348-14C96616EC7B}.Release|Any CPU.ActiveCfg = Release|Any CPU
		{AE640FE9-A6EB-4029-8348-14C96616EC7B}.Release|Any CPU.Build.0 = Release|Any CPU
		{491C7A84-9EAF-4077-9C49-B55209E5C60D}.Debug|Any CPU.ActiveCfg = Debug|Any CPU
		{491C7A84-9EAF-4077-9C49-B55209E5C60D}.Debug|Any CPU.Build.0 = Debug|Any CPU
		{491C7A84-9EAF-4077-9C49-B55209E5C60D}.Release|Any CPU.ActiveCfg = Release|Any CPU
		{491C7A84-9EAF-4077-9C49-B55209E5C60D}.Release|Any CPU.Build.0 = Release|Any CPU
		{7A0F8BFE-4DE1-41D1-8168-F9E1F9E4CF4B}.Debug|Any CPU.ActiveCfg = Debug|Any CPU
		{7A0F8BFE-4DE1-41D1-8168-F9E1F9E4CF4B}.Debug|Any CPU.Build.0 = Debug|Any CPU
		{7A0F8BFE-4DE1-41D1-8168-F9E1F9E4CF4B}.Release|Any CPU.ActiveCfg = Release|Any CPU
		{7A0F8BFE-4DE1-41D1-8168-F9E1F9E4CF4B}.Release|Any CPU.Build.0 = Release|Any CPU
		{F53F18E4-2542-464D-B670-EBE6AC534C2C}.Debug|Any CPU.ActiveCfg = Debug|Any CPU
		{F53F18E4-2542-464D-B670-EBE6AC534C2C}.Debug|Any CPU.Build.0 = Debug|Any CPU
		{F53F18E4-2542-464D-B670-EBE6AC534C2C}.Release|Any CPU.ActiveCfg = Release|Any CPU
		{F53F18E4-2542-464D-B670-EBE6AC534C2C}.Release|Any CPU.Build.0 = Release|Any CPU
		{28E04666-9D32-417D-925B-93D78BAE82A8}.Debug|Any CPU.ActiveCfg = Debug|Any CPU
		{28E04666-9D32-417D-925B-93D78BAE82A8}.Debug|Any CPU.Build.0 = Debug|Any CPU
		{28E04666-9D32-417D-925B-93D78BAE82A8}.Release|Any CPU.ActiveCfg = Release|Any CPU
		{28E04666-9D32-417D-925B-93D78BAE82A8}.Release|Any CPU.Build.0 = Release|Any CPU
	EndGlobalSection
	GlobalSection(SolutionProperties) = preSolution
		HideSolutionNode = FALSE
	EndGlobalSection
EndGlobal
